
Microsoft Visual Studio Solution File, Format Version 12.00
# Visual Studio 14
VisualStudioVersion = 14.0.23107.0
MinimumVisualStudioVersion = 10.0.40219.1
Project("{FAE04EC0-301F-11D3-BF4B-00C04F79EFBC}") = "Nicole.Library", "Nicole.Library\Nicole.Library.csproj", "{EAD2DBEC-F621-4176-802A-09D7FA970844}"
EndProject
Project("{FAE04EC0-301F-11D3-BF4B-00C04F79EFBC}") = "Nicole.Web", "Nicole.Web\Nicole.Web.csproj", "{561698CC-23A2-4F2E-A8A5-30FAD661B72C}"
EndProject
Project("{FAE04EC0-301F-11D3-BF4B-00C04F79EFBC}") = "Nicole.Service", "Nicole.Service\Nicole.Service.csproj", "{049394B9-77E8-4A87-8DAD-20CCE4825815}"
EndProject
Project("{FAE04EC0-301F-11D3-BF4B-00C04F79EFBC}") = "Nicole.Test", "Nicole.Test\Nicole.Test.csproj", "{F5467672-FDF3-4A28-85CC-81D5890973A3}"
EndProject
Global
	GlobalSection(SolutionConfigurationPlatforms) = preSolution
		Debug|Any CPU = Debug|Any CPU
		Release|Any CPU = Release|Any CPU
	EndGlobalSection
	GlobalSection(ProjectConfigurationPlatforms) = postSolution
		{EAD2DBEC-F621-4176-802A-09D7FA970844}.Debug|Any CPU.ActiveCfg = Debug|Any CPU
		{EAD2DBEC-F621-4176-802A-09D7FA970844}.Debug|Any CPU.Build.0 = Debug|Any CPU
		{EAD2DBEC-F621-4176-802A-09D7FA970844}.Release|Any CPU.ActiveCfg = Release|Any CPU
		{EAD2DBEC-F621-4176-802A-09D7FA970844}.Release|Any CPU.Build.0 = Release|Any CPU
		{561698CC-23A2-4F2E-A8A5-30FAD661B72C}.Debug|Any CPU.ActiveCfg = Debug|Any CPU
		{561698CC-23A2-4F2E-A8A5-30FAD661B72C}.Debug|Any CPU.Build.0 = Debug|Any CPU
		{561698CC-23A2-4F2E-A8A5-30FAD661B72C}.Release|Any CPU.ActiveCfg = Release|Any CPU
		{561698CC-23A2-4F2E-A8A5-30FAD661B72C}.Release|Any CPU.Build.0 = Release|Any CPU
		{049394B9-77E8-4A87-8DAD-20CCE4825815}.Debug|Any CPU.ActiveCfg = Debug|Any CPU
		{049394B9-77E8-4A87-8DAD-20CCE4825815}.Debug|Any CPU.Build.0 = Debug|Any CPU
		{049394B9-77E8-4A87-8DAD-20CCE4825815}.Release|Any CPU.ActiveCfg = Release|Any CPU
		{049394B9-77E8-4A87-8DAD-20CCE4825815}.Release|Any CPU.Build.0 = Release|Any CPU
		{F5467672-FDF3-4A28-85CC-81D5890973A3}.Debug|Any CPU.ActiveCfg = Debug|Any CPU
		{F5467672-FDF3-4A28-85CC-81D5890973A3}.Debug|Any CPU.Build.0 = Debug|Any CPU
		{F5467672-FDF3-4A28-85CC-81D5890973A3}.Release|Any CPU.ActiveCfg = Release|Any CPU
		{F5467672-FDF3-4A28-85CC-81D5890973A3}.Release|Any CPU.Build.0 = Release|Any CPU
	EndGlobalSection
	GlobalSection(SolutionProperties) = preSolution
		HideSolutionNode = FALSE
	EndGlobalSection
EndGlobal
